
Microsoft Visual Studio Solution File, Format Version 12.00
# Visual Studio Version 17
VisualStudioVersion = 17.11.35208.52
MinimumVisualStudioVersion = 10.0.40219.1
Project("{FAE04EC0-301F-11D3-BF4B-00C04F79EFBC}") = "caapivania.Api", "caapivania.Api.csproj", "{D8BDC475-3E9B-4496-90D7-0416A4406E10}"
EndProject
Project("{FAE04EC0-301F-11D3-BF4B-00C04F79EFBC}") = "caapivania.Domain", "..\caapivania.Domain\caapivania.Domain.csproj", "{D3D9C046-2C1B-4AB7-83A1-E64465475161}"
EndProject
Project("{FAE04EC0-301F-11D3-BF4B-00C04F79EFBC}") = "caapivania.Infra", "..\caapivania.Infra\caapivania.Infra.csproj", "{162080D8-270F-4A7E-8B11-41626393E55E}"
EndProject
Project("{FAE04EC0-301F-11D3-BF4B-00C04F79EFBC}") = "caapivania.Tests", "..\caapivania.Tests\caapivania.Tests.csproj", "{419BBCDC-05B9-4801-B79A-7AAB267D646D}"
EndProject
Global
	GlobalSection(SolutionConfigurationPlatforms) = preSolution
		Debug|Any CPU = Debug|Any CPU
		Release|Any CPU = Release|Any CPU
	EndGlobalSection
	GlobalSection(ProjectConfigurationPlatforms) = postSolution
		{D8BDC475-3E9B-4496-90D7-0416A4406E10}.Debug|Any CPU.ActiveCfg = Debug|Any CPU
		{D8BDC475-3E9B-4496-90D7-0416A4406E10}.Debug|Any CPU.Build.0 = Debug|Any CPU
		{D8BDC475-3E9B-4496-90D7-0416A4406E10}.Release|Any CPU.ActiveCfg = Release|Any CPU
		{D8BDC475-3E9B-4496-90D7-0416A4406E10}.Release|Any CPU.Build.0 = Release|Any CPU
		{D3D9C046-2C1B-4AB7-83A1-E64465475161}.Debug|Any CPU.ActiveCfg = Debug|Any CPU
		{D3D9C046-2C1B-4AB7-83A1-E64465475161}.Debug|Any CPU.Build.0 = Debug|Any CPU
		{D3D9C046-2C1B-4AB7-83A1-E64465475161}.Release|Any CPU.ActiveCfg = Release|Any CPU
		{D3D9C046-2C1B-4AB7-83A1-E64465475161}.Release|Any CPU.Build.0 = Release|Any CPU
		{162080D8-270F-4A7E-8B11-41626393E55E}.Debug|Any CPU.ActiveCfg = Debug|Any CPU
		{162080D8-270F-4A7E-8B11-41626393E55E}.Debug|Any CPU.Build.0 = Debug|Any CPU
		{162080D8-270F-4A7E-8B11-41626393E55E}.Release|Any CPU.ActiveCfg = Release|Any CPU
		{162080D8-270F-4A7E-8B11-41626393E55E}.Release|Any CPU.Build.0 = Release|Any CPU
		{419BBCDC-05B9-4801-B79A-7AAB267D646D}.Debug|Any CPU.ActiveCfg = Debug|Any CPU
		{419BBCDC-05B9-4801-B79A-7AAB267D646D}.Debug|Any CPU.Build.0 = Debug|Any CPU
		{419BBCDC-05B9-4801-B79A-7AAB267D646D}.Release|Any CPU.ActiveCfg = Release|Any CPU
		{419BBCDC-05B9-4801-B79A-7AAB267D646D}.Release|Any CPU.Build.0 = Release|Any CPU
	EndGlobalSection
	GlobalSection(SolutionProperties) = preSolution
		HideSolutionNode = FALSE
	EndGlobalSection
	GlobalSection(ExtensibilityGlobals) = postSolution
		SolutionGuid = {89709B34-4B9A-45C7-A92D-A2805F0A694D}
	EndGlobalSection
EndGlobal
